{
  "name": "proyecto-bath",
  "version": "1.0.0",
  "lockfileVersion": 3,
  "requires": true,
  "packages": {
    "": {
      "name": "proyecto-bath",
      "version": "1.0.0",
      "license": "ISC",
      "dependencies": {
        "@egjs/view360": "^3.6.4"
      }
    },
    "node_modules/@cfcs/core": {
      "version": "0.0.24",
      "resolved": "https://registry.npmjs.org/@cfcs/core/-/core-0.0.24.tgz",
      "integrity": "sha512-feB38qu+eDk0Pggh/yR7gjaNmvUYA2uCxHP3Pz2MLE4LZ/9jPdtu8bzCSI47yTEhWyZCF5Pk698hdz8IN2mTjA==",
      "dependencies": {
        "@egjs/component": "^3.0.4"
      }
    },
    "node_modules/@egjs/agent": {
      "version": "2.4.4",
      "resolved": "https://registry.npmjs.org/@egjs/agent/-/agent-2.4.4.tgz",
      "integrity": "sha512-cvAPSlUILhBBOakn2krdPnOGv5hAZq92f1YHxYcfu0p7uarix2C6Ia3AVizpS1SGRZGiEkIS5E+IVTLg1I2Iog=="
    },
    "node_modules/@egjs/axes": {
      "version": "3.9.1",
      "resolved": "https://registry.npmjs.org/@egjs/axes/-/axes-3.9.1.tgz",
      "integrity": "sha512-vaqUe/boRDk/A4TjiPtMv+lf7c4Q2jTER/Hw4I61NiJUyPftlZjaP4cteBCQejFyZmzimmA2W0cLmYZHTjBY8A==",
      "dependencies": {
        "@cfcs/core": "^0.1.0",
        "@egjs/agent": "^2.2.1",
        "@egjs/component": "^3.0.1"
      }
    },
    "node_modules/@egjs/axes/node_modules/@cfcs/core": {
      "version": "0.1.0",
      "resolved": "https://registry.npmjs.org/@cfcs/core/-/core-0.1.0.tgz",
      "integrity": "sha512-kvYX0RpL45XTHJ5sW7teNbKeAa7pK3nNqaJPoFfZDPTIBJOkTtRD3QhkBG+O3Hu69a8xeMoPvF6y/RtJ6JUOdA==",
      "dependencies": {
        "@egjs/component": "^3.0.4"
      }
    },
    "node_modules/@egjs/component": {
      "version": "3.0.5",
      "resolved": "https://registry.npmjs.org/@egjs/component/-/component-3.0.5.tgz",
      "integrity": "sha512-cLcGizTrrUNA2EYE3MBmEDt2tQv1joVP1Q3oDisZ5nw0MZDx2kcgEXM+/kZpfa/PAkFvYVhRUZwytIQWoN3V/w=="
    },
    "node_modules/@egjs/imready": {
      "version": "1.4.1",
      "resolved": "https://registry.npmjs.org/@egjs/imready/-/imready-1.4.1.tgz",
      "integrity": "sha512-JIOBs4lB7FYdsKi5uvz2j3SObX8eShtZjtqlOH41tm185aJOQZwiKBK8+V4MxzG4X6DqVhpdN8UcuVwBbElfsg==",
      "dependencies": {
        "@cfcs/core": "^0.0.24",
        "@egjs/component": "^3.0.1"
      }
    },
    "node_modules/@egjs/view360": {
      "version": "3.6.4",
      "resolved": "https://registry.npmjs.org/@egjs/view360/-/view360-3.6.4.tgz",
      "integrity": "sha512-b+yShl7/MJpr+muJwU+zTlapeAkXhPdN5KgPw1xD818G3a+inticFTCzD9dclBBfORUJv2E7HdGWWvkMZRPorg==",
      "dependencies": {
        "@egjs/axes": "^3.8.3",
        "@egjs/component": "^3.0.1",
        "@egjs/imready": "^1.1.2",
        "gl-matrix": "^3.3.0",
        "promise-polyfill": "^8.2.0"
      }
    },
    "node_modules/gl-matrix": {
      "version": "3.4.3",
      "resolved": "https://registry.npmjs.org/gl-matrix/-/gl-matrix-3.4.3.tgz",
      "integrity": "sha512-wcCp8vu8FT22BnvKVPjXa/ICBWRq/zjFfdofZy1WSpQZpphblv12/bOQLBC1rMM7SGOFS9ltVmKOHil5+Ml7gA=="
    },
    "node_modules/promise-polyfill": {
      "version": "8.3.0",
      "resolved": "https://registry.npmjs.org/promise-polyfill/-/promise-polyfill-8.3.0.tgz",
      "integrity": "sha512-H5oELycFml5yto/atYqmjyigJoAo3+OXwolYiH7OfQuYlAqhxNvTfiNMbV9hsC6Yp83yE5r2KTVmtrG6R9i6Pg=="
    }
  }
}
